{
  "name": "fools",
  "version": "1.0.0",
  "lockfileVersion": 3,
  "requires": true,
  "packages": {
    "": {
      "name": "fools",
      "version": "1.0.0",
      "license": "ISC",
      "dependencies": {
        "zod": "^3.0.0"
      }
    },
    "node_modules/zod": {
      "version": "3.0.0",
      "resolved": "https://registry.npmjs.org/zod/-/zod-3.0.0.tgz",
      "integrity": "sha512-4DBG6siN02ooPB1yvEEqoe32maHzKEdGgtQ2HEz6FnFtgTjwZtzJ3ScuiDgtssWfDyLnQ3MvtSj6ff5ANL4STw==",
      "license": "MIT",
      "funding": {
        "url": "https://github.com/sponsors/colinhacks"
      }
    }
  }
}
